
Microsoft Visual Studio Solution File, Format Version 12.00
# Visual Studio Version 17
VisualStudioVersion = 17.10.35013.160
MinimumVisualStudioVersion = 10.0.40219.1
Project("{9A19103F-16F7-4668-BE54-9A1E7A4F7556}") = "Shokofin", "Shokofin\Shokofin.csproj", "{1DD876AE-9E68-4867-BDF6-B9050E63E936}"
EndProject
Global
	GlobalSection(SolutionConfigurationPlatforms) = preSolution
		Debug|Any CPU = Debug|Any CPU
		Release|Any CPU = Release|Any CPU
	EndGlobalSection
	GlobalSection(ProjectConfigurationPlatforms) = postSolution
		{1DD876AE-9E68-4867-BDF6-B9050E63E936}.Debug|Any CPU.ActiveCfg = Debug|Any CPU
		{1DD876AE-9E68-4867-BDF6-B9050E63E936}.Debug|Any CPU.Build.0 = Debug|Any CPU
		{1DD876AE-9E68-4867-BDF6-B9050E63E936}.Release|Any CPU.ActiveCfg = Release|Any CPU
		{1DD876AE-9E68-4867-BDF6-B9050E63E936}.Release|Any CPU.Build.0 = Release|Any CPU
	EndGlobalSection
	GlobalSection(SolutionProperties) = preSolution
		HideSolutionNode = FALSE
	EndGlobalSection
	GlobalSection(ExtensibilityGlobals) = postSolution
		SolutionGuid = {61FD2206-EAAB-47E0-BB8D-1033C70B3973}
	EndGlobalSection
EndGlobal
